// !$*UTF8*$!
{
	archiveVersion = 1;
	classes = {
	};
	objectVersion = 56;
	objects = {

/* Begin PBXBuildFile section */
		AF7A79056454B859B5B2AF5C /* Pods_Tirajosaure.framework in Frameworks */ = {isa = PBXBuildFile; fileRef = 78240367B7A015EDEA38C8DC /* Pods_Tirajosaure.framework */; };
		DE6736712C0FD9B0001BEB56 /* Nunito-Bold.ttf in Resources */ = {isa = PBXBuildFile; fileRef = DE67366D2C0FD9B0001BEB56 /* Nunito-Bold.ttf */; };
		DE6736722C0FD9B0001BEB56 /* Nunito-SemiBold.ttf in Resources */ = {isa = PBXBuildFile; fileRef = DE67366E2C0FD9B0001BEB56 /* Nunito-SemiBold.ttf */; };
		DE6736732C0FD9B0001BEB56 /* Nunito-Regular.ttf in Resources */ = {isa = PBXBuildFile; fileRef = DE67366F2C0FD9B0001BEB56 /* Nunito-Regular.ttf */; };
		DE6736742C0FD9B0001BEB56 /* Nunito-Light.ttf in Resources */ = {isa = PBXBuildFile; fileRef = DE6736702C0FD9B0001BEB56 /* Nunito-Light.ttf */; };
		DE6736762C0FDA34001BEB56 /* Colors.xcassets in Resources */ = {isa = PBXBuildFile; fileRef = DE6736752C0FDA34001BEB56 /* Colors.xcassets */; };
		DE6736782C0FDD6F001BEB56 /* Extension+Font.swift in Sources */ = {isa = PBXBuildFile; fileRef = DE6736772C0FDD6F001BEB56 /* Extension+Font.swift */; };
		DE67367C2C0FDE35001BEB56 /* Extension+Image.swift in Sources */ = {isa = PBXBuildFile; fileRef = DE67367B2C0FDE35001BEB56 /* Extension+Image.swift */; };
		DE67367E2C0FDE5D001BEB56 /* Extension+View.swift in Sources */ = {isa = PBXBuildFile; fileRef = DE67367D2C0FDE5D001BEB56 /* Extension+View.swift */; };
		DECEFFA22C0CCAC200A9B894 /* TirajosaureApp.swift in Sources */ = {isa = PBXBuildFile; fileRef = DECEFFA12C0CCAC200A9B894 /* TirajosaureApp.swift */; };
		DECEFFA42C0CCAC200A9B894 /* ContentView.swift in Sources */ = {isa = PBXBuildFile; fileRef = DECEFFA32C0CCAC200A9B894 /* ContentView.swift */; };
		DECEFFA62C0CCAC400A9B894 /* Assets.xcassets in Resources */ = {isa = PBXBuildFile; fileRef = DECEFFA52C0CCAC400A9B894 /* Assets.xcassets */; };
		DECEFFA92C0CCAC400A9B894 /* Preview Assets.xcassets in Resources */ = {isa = PBXBuildFile; fileRef = DECEFFA82C0CCAC400A9B894 /* Preview Assets.xcassets */; };
		DECEFFB32C0CCAC400A9B894 /* TirajosaureTests.swift in Sources */ = {isa = PBXBuildFile; fileRef = DECEFFB22C0CCAC400A9B894 /* TirajosaureTests.swift */; };
		DECEFFBD2C0CCAC400A9B894 /* TirajosaureUITests.swift in Sources */ = {isa = PBXBuildFile; fileRef = DECEFFBC2C0CCAC400A9B894 /* TirajosaureUITests.swift */; };
		DECEFFBF2C0CCAC400A9B894 /* TirajosaureUITestsLaunchTests.swift in Sources */ = {isa = PBXBuildFile; fileRef = DECEFFBE2C0CCAC400A9B894 /* TirajosaureUITestsLaunchTests.swift */; };
		DECEFFCC2C0CCC5000A9B894 /* ParseConfig.swift in Sources */ = {isa = PBXBuildFile; fileRef = DECEFFCB2C0CCC5000A9B894 /* ParseConfig.swift */; };
		DECEFFCF2C0CCC7700A9B894 /* MixpanelConfig.swift in Sources */ = {isa = PBXBuildFile; fileRef = DECEFFCE2C0CCC7700A9B894 /* MixpanelConfig.swift */; };
/* End PBXBuildFile section */

/* Begin PBXContainerItemProxy section */
		DECEFFAF2C0CCAC400A9B894 /* PBXContainerItemProxy */ = {
			isa = PBXContainerItemProxy;
			containerPortal = DECEFF962C0CCAC200A9B894 /* Project object */;
			proxyType = 1;
			remoteGlobalIDString = DECEFF9D2C0CCAC200A9B894;
			remoteInfo = Tirajosaure;
		};
		DECEFFB92C0CCAC400A9B894 /* PBXContainerItemProxy */ = {
			isa = PBXContainerItemProxy;
			containerPortal = DECEFF962C0CCAC200A9B894 /* Project object */;
			proxyType = 1;
			remoteGlobalIDString = DECEFF9D2C0CCAC200A9B894;
			remoteInfo = Tirajosaure;
		};
/* End PBXContainerItemProxy section */

/* Begin PBXFileReference section */
		01B1F8565245AC4A430491F3 /* Pods-Tirajosaure.debug.xcconfig */ = {isa = PBXFileReference; includeInIndex = 1; lastKnownFileType = text.xcconfig; name = "Pods-Tirajosaure.debug.xcconfig"; path = "Target Support Files/Pods-Tirajosaure/Pods-Tirajosaure.debug.xcconfig"; sourceTree = "<group>"; };
		1CE6E283318EABE0F942FD1B /* Pods-Tirajosaure.release.xcconfig */ = {isa = PBXFileReference; includeInIndex = 1; lastKnownFileType = text.xcconfig; name = "Pods-Tirajosaure.release.xcconfig"; path = "Target Support Files/Pods-Tirajosaure/Pods-Tirajosaure.release.xcconfig"; sourceTree = "<group>"; };
		78240367B7A015EDEA38C8DC /* Pods_Tirajosaure.framework */ = {isa = PBXFileReference; explicitFileType = wrapper.framework; includeInIndex = 0; path = Pods_Tirajosaure.framework; sourceTree = BUILT_PRODUCTS_DIR; };
		DE67366D2C0FD9B0001BEB56 /* Nunito-Bold.ttf */ = {isa = PBXFileReference; lastKnownFileType = file; path = "Nunito-Bold.ttf"; sourceTree = "<group>"; };
		DE67366E2C0FD9B0001BEB56 /* Nunito-SemiBold.ttf */ = {isa = PBXFileReference; lastKnownFileType = file; path = "Nunito-SemiBold.ttf"; sourceTree = "<group>"; };
		DE67366F2C0FD9B0001BEB56 /* Nunito-Regular.ttf */ = {isa = PBXFileReference; lastKnownFileType = file; path = "Nunito-Regular.ttf"; sourceTree = "<group>"; };
		DE6736702C0FD9B0001BEB56 /* Nunito-Light.ttf */ = {isa = PBXFileReference; lastKnownFileType = file; path = "Nunito-Light.ttf"; sourceTree = "<group>"; };
		DE6736752C0FDA34001BEB56 /* Colors.xcassets */ = {isa = PBXFileReference; lastKnownFileType = folder.assetcatalog; path = Colors.xcassets; sourceTree = "<group>"; };
		DE6736772C0FDD6F001BEB56 /* Extension+Font.swift */ = {isa = PBXFileReference; lastKnownFileType = sourcecode.swift; name = "Extension+Font.swift"; path = "Tirajosaure/Assets/Extension+Font.swift"; sourceTree = SOURCE_ROOT; };
		DE67367B2C0FDE35001BEB56 /* Extension+Image.swift */ = {isa = PBXFileReference; lastKnownFileType = sourcecode.swift; name = "Extension+Image.swift"; path = "Tirajosaure/Assets/Extension+Image.swift"; sourceTree = SOURCE_ROOT; };
		DE67367D2C0FDE5D001BEB56 /* Extension+View.swift */ = {isa = PBXFileReference; lastKnownFileType = sourcecode.swift; name = "Extension+View.swift"; path = "Tirajosaure/Assets/Extension+View.swift"; sourceTree = SOURCE_ROOT; };
		DECEFF9E2C0CCAC200A9B894 /* Tirajosaure.app */ = {isa = PBXFileReference; explicitFileType = wrapper.application; includeInIndex = 0; path = Tirajosaure.app; sourceTree = BUILT_PRODUCTS_DIR; };
		DECEFFA12C0CCAC200A9B894 /* TirajosaureApp.swift */ = {isa = PBXFileReference; lastKnownFileType = sourcecode.swift; path = TirajosaureApp.swift; sourceTree = "<group>"; };
		DECEFFA32C0CCAC200A9B894 /* ContentView.swift */ = {isa = PBXFileReference; lastKnownFileType = sourcecode.swift; path = ContentView.swift; sourceTree = "<group>"; };
		DECEFFA52C0CCAC400A9B894 /* Assets.xcassets */ = {isa = PBXFileReference; lastKnownFileType = folder.assetcatalog; path = Assets.xcassets; sourceTree = "<group>"; };
		DECEFFA82C0CCAC400A9B894 /* Preview Assets.xcassets */ = {isa = PBXFileReference; lastKnownFileType = folder.assetcatalog; path = "Preview Assets.xcassets"; sourceTree = "<group>"; };
		DECEFFAE2C0CCAC400A9B894 /* TirajosaureTests.xctest */ = {isa = PBXFileReference; explicitFileType = wrapper.cfbundle; includeInIndex = 0; path = TirajosaureTests.xctest; sourceTree = BUILT_PRODUCTS_DIR; };
		DECEFFB22C0CCAC400A9B894 /* TirajosaureTests.swift */ = {isa = PBXFileReference; lastKnownFileType = sourcecode.swift; path = TirajosaureTests.swift; sourceTree = "<group>"; };
		DECEFFB82C0CCAC400A9B894 /* TirajosaureUITests.xctest */ = {isa = PBXFileReference; explicitFileType = wrapper.cfbundle; includeInIndex = 0; path = TirajosaureUITests.xctest; sourceTree = BUILT_PRODUCTS_DIR; };
		DECEFFBC2C0CCAC400A9B894 /* TirajosaureUITests.swift */ = {isa = PBXFileReference; lastKnownFileType = sourcecode.swift; path = TirajosaureUITests.swift; sourceTree = "<group>"; };
		DECEFFBE2C0CCAC400A9B894 /* TirajosaureUITestsLaunchTests.swift */ = {isa = PBXFileReference; lastKnownFileType = sourcecode.swift; path = TirajosaureUITestsLaunchTests.swift; sourceTree = "<group>"; };
		DECEFFCB2C0CCC5000A9B894 /* ParseConfig.swift */ = {isa = PBXFileReference; lastKnownFileType = sourcecode.swift; path = ParseConfig.swift; sourceTree = "<group>"; };
		DECEFFCE2C0CCC7700A9B894 /* MixpanelConfig.swift */ = {isa = PBXFileReference; lastKnownFileType = sourcecode.swift; path = MixpanelConfig.swift; sourceTree = "<group>"; };
/* End PBXFileReference section */

/* Begin PBXFrameworksBuildPhase section */
		DECEFF9B2C0CCAC200A9B894 /* Frameworks */ = {
			isa = PBXFrameworksBuildPhase;
			buildActionMask = 2147483647;
			files = (
				AF7A79056454B859B5B2AF5C /* Pods_Tirajosaure.framework in Frameworks */,
			);
			runOnlyForDeploymentPostprocessing = 0;
		};
		DECEFFAB2C0CCAC400A9B894 /* Frameworks */ = {
			isa = PBXFrameworksBuildPhase;
			buildActionMask = 2147483647;
			files = (
			);
			runOnlyForDeploymentPostprocessing = 0;
		};
		DECEFFB52C0CCAC400A9B894 /* Frameworks */ = {
			isa = PBXFrameworksBuildPhase;
			buildActionMask = 2147483647;
			files = (
			);
			runOnlyForDeploymentPostprocessing = 0;
		};
/* End PBXFrameworksBuildPhase section */

/* Begin PBXGroup section */
		974987061C1FBE1F4825AFC0 /* Pods */ = {
			isa = PBXGroup;
			children = (
				01B1F8565245AC4A430491F3 /* Pods-Tirajosaure.debug.xcconfig */,
				1CE6E283318EABE0F942FD1B /* Pods-Tirajosaure.release.xcconfig */,
			);
			path = Pods;
			sourceTree = "<group>";
		};
		CDA4498559D195CCE34ADD5A /* Frameworks */ = {
			isa = PBXGroup;
			children = (
				78240367B7A015EDEA38C8DC /* Pods_Tirajosaure.framework */,
			);
			name = Frameworks;
			sourceTree = "<group>";
		};
		DE67366C2C0FD9A1001BEB56 /* Font */ = {
			isa = PBXGroup;
			children = (
				DE67366D2C0FD9B0001BEB56 /* Nunito-Bold.ttf */,
				DE6736702C0FD9B0001BEB56 /* Nunito-Light.ttf */,
				DE67366F2C0FD9B0001BEB56 /* Nunito-Regular.ttf */,
				DE67366E2C0FD9B0001BEB56 /* Nunito-SemiBold.ttf */,
			);
			path = Font;
			sourceTree = "<group>";
		};
		DECEFF952C0CCAC200A9B894 = {
			isa = PBXGroup;
			children = (
				DECEFFA02C0CCAC200A9B894 /* Tirajosaure */,
				DECEFFB12C0CCAC400A9B894 /* TirajosaureTests */,
				DECEFFBB2C0CCAC400A9B894 /* TirajosaureUITests */,
				DECEFF9F2C0CCAC200A9B894 /* Products */,
				974987061C1FBE1F4825AFC0 /* Pods */,
				CDA4498559D195CCE34ADD5A /* Frameworks */,
			);
			sourceTree = "<group>";
		};
		DECEFF9F2C0CCAC200A9B894 /* Products */ = {
			isa = PBXGroup;
			children = (
				DECEFF9E2C0CCAC200A9B894 /* Tirajosaure.app */,
				DECEFFAE2C0CCAC400A9B894 /* TirajosaureTests.xctest */,
				DECEFFB82C0CCAC400A9B894 /* TirajosaureUITests.xctest */,
			);
			name = Products;
			sourceTree = "<group>";
		};
		DECEFFA02C0CCAC200A9B894 /* Tirajosaure */ = {
			isa = PBXGroup;
			children = (
				DECEFFA12C0CCAC200A9B894 /* TirajosaureApp.swift */,
				DECEFFCD2C0CCC5500A9B894 /* Configuration */,
				DECEFFD62C0E1BB800A9B894 /* Services */,
				DECEFFD02C0E1AD400A9B894 /* Views */,
				DECEFFD12C0E1ADB00A9B894 /* Models */,
				DECEFFD52C0E1B7E00A9B894 /* Extensions */,
				DECEFFD42C0E1B6300A9B894 /* Assets */,
				DECEFFA72C0CCAC400A9B894 /* Preview Content */,
			);
			path = Tirajosaure;
			sourceTree = "<group>";
		};
		DECEFFA72C0CCAC400A9B894 /* Preview Content */ = {
			isa = PBXGroup;
			children = (
				DECEFFA82C0CCAC400A9B894 /* Preview Assets.xcassets */,
			);
			path = "Preview Content";
			sourceTree = "<group>";
		};
		DECEFFB12C0CCAC400A9B894 /* TirajosaureTests */ = {
			isa = PBXGroup;
			children = (
				DECEFFB22C0CCAC400A9B894 /* TirajosaureTests.swift */,
			);
			path = TirajosaureTests;
			sourceTree = "<group>";
		};
		DECEFFBB2C0CCAC400A9B894 /* TirajosaureUITests */ = {
			isa = PBXGroup;
			children = (
				DECEFFBC2C0CCAC400A9B894 /* TirajosaureUITests.swift */,
				DECEFFBE2C0CCAC400A9B894 /* TirajosaureUITestsLaunchTests.swift */,
			);
			path = TirajosaureUITests;
			sourceTree = "<group>";
		};
		DECEFFCD2C0CCC5500A9B894 /* Configuration */ = {
			isa = PBXGroup;
			children = (
				DECEFFCB2C0CCC5000A9B894 /* ParseConfig.swift */,
				DECEFFCE2C0CCC7700A9B894 /* MixpanelConfig.swift */,
			);
			path = Configuration;
			sourceTree = "<group>";
		};
		DECEFFD02C0E1AD400A9B894 /* Views */ = {
			isa = PBXGroup;
			children = (
				DECEFFD72C0E1C2200A9B894 /* Splash */,
				DECEFFD82C0E1C4400A9B894 /* LogIn */,
				DECEFFDC2C0E1D1100A9B894 /* LoggedIn */,
				DECEFFD32C0E1B3300A9B894 /* Reusable */,
				DECEFFA32C0CCAC200A9B894 /* ContentView.swift */,
			);
			path = Views;
			sourceTree = "<group>";
		};
		DECEFFD12C0E1ADB00A9B894 /* Models */ = {
			isa = PBXGroup;
			children = (
			);
			path = Models;
			sourceTree = "<group>";
		};
		DECEFFD22C0E1AE200A9B894 /* ViewControllers */ = {
			isa = PBXGroup;
			children = (
			);
			path = ViewControllers;
			sourceTree = "<group>";
		};
		DECEFFD32C0E1B3300A9B894 /* Reusable */ = {
			isa = PBXGroup;
			children = (
			);
			path = Reusable;
			sourceTree = "<group>";
		};
		DECEFFD42C0E1B6300A9B894 /* Assets */ = {
			isa = PBXGroup;
			children = (
				DE67366C2C0FD9A1001BEB56 /* Font */,
				DECEFFA52C0CCAC400A9B894 /* Assets.xcassets */,
				DE6736752C0FDA34001BEB56 /* Colors.xcassets */,
			);
			path = Assets;
			sourceTree = "<group>";
		};
		DECEFFD52C0E1B7E00A9B894 /* Extensions */ = {
			isa = PBXGroup;
			children = (
				DE6736772C0FDD6F001BEB56 /* Extension+Font.swift */,
				DE67367B2C0FDE35001BEB56 /* Extension+Image.swift */,
				DE67367D2C0FDE5D001BEB56 /* Extension+View.swift */,
			);
			path = Extensions;
			sourceTree = "<group>";
		};
		DECEFFD62C0E1BB800A9B894 /* Services */ = {
			isa = PBXGroup;
			children = (
			);
			path = Services;
			sourceTree = "<group>";
		};
		DECEFFD72C0E1C2200A9B894 /* Splash */ = {
			isa = PBXGroup;
			children = (
			);
			path = Splash;
			sourceTree = "<group>";
		};
		DECEFFD82C0E1C4400A9B894 /* LogIn */ = {
			isa = PBXGroup;
			children = (
				DECEFFD92C0E1C5000A9B894 /* SignIn */,
				DECEFFDA2C0E1C6100A9B894 /* SignUp */,
			);
			path = LogIn;
			sourceTree = "<group>";
		};
		DECEFFD92C0E1C5000A9B894 /* SignIn */ = {
			isa = PBXGroup;
			children = (
				DECEFFD22C0E1AE200A9B894 /* ViewControllers */,
			);
			path = SignIn;
			sourceTree = "<group>";
		};
		DECEFFDA2C0E1C6100A9B894 /* SignUp */ = {
			isa = PBXGroup;
			children = (
				DECEFFDB2C0E1CCD00A9B894 /* ViewControllers */,
			);
			path = SignUp;
			sourceTree = "<group>";
		};
		DECEFFDB2C0E1CCD00A9B894 /* ViewControllers */ = {
			isa = PBXGroup;
			children = (
			);
			path = ViewControllers;
			sourceTree = "<group>";
		};
		DECEFFDC2C0E1D1100A9B894 /* LoggedIn */ = {
			isa = PBXGroup;
			children = (
			);
			path = LoggedIn;
			sourceTree = "<group>";
		};
/* End PBXGroup section */

/* Begin PBXNativeTarget section */
		DECEFF9D2C0CCAC200A9B894 /* Tirajosaure */ = {
			isa = PBXNativeTarget;
			buildConfigurationList = DECEFFC22C0CCAC400A9B894 /* Build configuration list for PBXNativeTarget "Tirajosaure" */;
			buildPhases = (
				9315889359486468C907E187 /* [CP] Check Pods Manifest.lock */,
				DECEFF9A2C0CCAC200A9B894 /* Sources */,
				DECEFF9B2C0CCAC200A9B894 /* Frameworks */,
				DECEFF9C2C0CCAC200A9B894 /* Resources */,
				E5D898864C8689EEBBBA5E3A /* [CP] Embed Pods Frameworks */,
			);
			buildRules = (
			);
			dependencies = (
			);
			name = Tirajosaure;
			productName = Tirajosaure;
			productReference = DECEFF9E2C0CCAC200A9B894 /* Tirajosaure.app */;
			productType = "com.apple.product-type.application";
		};
		DECEFFAD2C0CCAC400A9B894 /* TirajosaureTests */ = {
			isa = PBXNativeTarget;
			buildConfigurationList = DECEFFC52C0CCAC400A9B894 /* Build configuration list for PBXNativeTarget "TirajosaureTests" */;
			buildPhases = (
				DECEFFAA2C0CCAC400A9B894 /* Sources */,
				DECEFFAB2C0CCAC400A9B894 /* Frameworks */,
				DECEFFAC2C0CCAC400A9B894 /* Resources */,
			);
			buildRules = (
			);
			dependencies = (
				DECEFFB02C0CCAC400A9B894 /* PBXTargetDependency */,
			);
			name = TirajosaureTests;
			productName = TirajosaureTests;
			productReference = DECEFFAE2C0CCAC400A9B894 /* TirajosaureTests.xctest */;
			productType = "com.apple.product-type.bundle.unit-test";
		};
		DECEFFB72C0CCAC400A9B894 /* TirajosaureUITests */ = {
			isa = PBXNativeTarget;
			buildConfigurationList = DECEFFC82C0CCAC400A9B894 /* Build configuration list for PBXNativeTarget "TirajosaureUITests" */;
			buildPhases = (
				DECEFFB42C0CCAC400A9B894 /* Sources */,
				DECEFFB52C0CCAC400A9B894 /* Frameworks */,
				DECEFFB62C0CCAC400A9B894 /* Resources */,
			);
			buildRules = (
			);
			dependencies = (
				DECEFFBA2C0CCAC400A9B894 /* PBXTargetDependency */,
			);
			name = TirajosaureUITests;
			productName = TirajosaureUITests;
			productReference = DECEFFB82C0CCAC400A9B894 /* TirajosaureUITests.xctest */;
			productType = "com.apple.product-type.bundle.ui-testing";
		};
/* End PBXNativeTarget section */

/* Begin PBXProject section */
		DECEFF962C0CCAC200A9B894 /* Project object */ = {
			isa = PBXProject;
			attributes = {
				BuildIndependentTargetsInParallel = 1;
				LastSwiftUpdateCheck = 1530;
				LastUpgradeCheck = 1530;
				TargetAttributes = {
					DECEFF9D2C0CCAC200A9B894 = {
						CreatedOnToolsVersion = 15.3;
					};
					DECEFFAD2C0CCAC400A9B894 = {
						CreatedOnToolsVersion = 15.3;
						TestTargetID = DECEFF9D2C0CCAC200A9B894;
					};
					DECEFFB72C0CCAC400A9B894 = {
						CreatedOnToolsVersion = 15.3;
						TestTargetID = DECEFF9D2C0CCAC200A9B894;
					};
				};
			};
			buildConfigurationList = DECEFF992C0CCAC200A9B894 /* Build configuration list for PBXProject "Tirajosaure" */;
			compatibilityVersion = "Xcode 14.0";
			developmentRegion = en;
			hasScannedForEncodings = 0;
			knownRegions = (
				en,
				Base,
			);
			mainGroup = DECEFF952C0CCAC200A9B894;
			productRefGroup = DECEFF9F2C0CCAC200A9B894 /* Products */;
			projectDirPath = "";
			projectRoot = "";
			targets = (
				DECEFF9D2C0CCAC200A9B894 /* Tirajosaure */,
				DECEFFAD2C0CCAC400A9B894 /* TirajosaureTests */,
				DECEFFB72C0CCAC400A9B894 /* TirajosaureUITests */,
			);
		};
/* End PBXProject section */

/* Begin PBXResourcesBuildPhase section */
		DECEFF9C2C0CCAC200A9B894 /* Resources */ = {
			isa = PBXResourcesBuildPhase;
			buildActionMask = 2147483647;
			files = (
				DE6736732C0FD9B0001BEB56 /* Nunito-Regular.ttf in Resources */,
				DE6736722C0FD9B0001BEB56 /* Nunito-SemiBold.ttf in Resources */,
				DE6736742C0FD9B0001BEB56 /* Nunito-Light.ttf in Resources */,
				DECEFFA92C0CCAC400A9B894 /* Preview Assets.xcassets in Resources */,
				DE6736712C0FD9B0001BEB56 /* Nunito-Bold.ttf in Resources */,
				DECEFFA62C0CCAC400A9B894 /* Assets.xcassets in Resources */,
				DE6736762C0FDA34001BEB56 /* Colors.xcassets in Resources */,
			);
			runOnlyForDeploymentPostprocessing = 0;
		};
		DECEFFAC2C0CCAC400A9B894 /* Resources */ = {
			isa = PBXResourcesBuildPhase;
			buildActionMask = 2147483647;
			files = (
			);
			runOnlyForDeploymentPostprocessing = 0;
		};
		DECEFFB62C0CCAC400A9B894 /* Resources */ = {
			isa = PBXResourcesBuildPhase;
			buildActionMask = 2147483647;
			files = (
			);
			runOnlyForDeploymentPostprocessing = 0;
		};
/* End PBXResourcesBuildPhase section */

/* Begin PBXShellScriptBuildPhase section */
		9315889359486468C907E187 /* [CP] Check Pods Manifest.lock */ = {
			isa = PBXShellScriptBuildPhase;
			buildActionMask = 2147483647;
			files = (
			);
			inputFileListPaths = (
			);
			inputPaths = (
				"${PODS_PODFILE_DIR_PATH}/Podfile.lock",
				"${PODS_ROOT}/Manifest.lock",
			);
			name = "[CP] Check Pods Manifest.lock";
			outputFileListPaths = (
			);
			outputPaths = (
				"$(DERIVED_FILE_DIR)/Pods-Tirajosaure-checkManifestLockResult.txt",
			);
			runOnlyForDeploymentPostprocessing = 0;
			shellPath = /bin/sh;
			shellScript = "diff \"${PODS_PODFILE_DIR_PATH}/Podfile.lock\" \"${PODS_ROOT}/Manifest.lock\" > /dev/null\nif [ $? != 0 ] ; then\n    # print error to STDERR\n    echo \"error: The sandbox is not in sync with the Podfile.lock. Run 'pod install' or update your CocoaPods installation.\" >&2\n    exit 1\nfi\n# This output is used by Xcode 'outputs' to avoid re-running this script phase.\necho \"SUCCESS\" > \"${SCRIPT_OUTPUT_FILE_0}\"\n";
			showEnvVarsInLog = 0;
		};
		E5D898864C8689EEBBBA5E3A /* [CP] Embed Pods Frameworks */ = {
			isa = PBXShellScriptBuildPhase;
			buildActionMask = 2147483647;
			files = (
			);
			inputFileListPaths = (
				"${PODS_ROOT}/Target Support Files/Pods-Tirajosaure/Pods-Tirajosaure-frameworks-${CONFIGURATION}-input-files.xcfilelist",
			);
			name = "[CP] Embed Pods Frameworks";
			outputFileListPaths = (
				"${PODS_ROOT}/Target Support Files/Pods-Tirajosaure/Pods-Tirajosaure-frameworks-${CONFIGURATION}-output-files.xcfilelist",
			);
			runOnlyForDeploymentPostprocessing = 0;
			shellPath = /bin/sh;
			shellScript = "\"${PODS_ROOT}/Target Support Files/Pods-Tirajosaure/Pods-Tirajosaure-frameworks.sh\"\n";
			showEnvVarsInLog = 0;
		};
/* End PBXShellScriptBuildPhase section */

/* Begin PBXSourcesBuildPhase section */
		DECEFF9A2C0CCAC200A9B894 /* Sources */ = {
			isa = PBXSourcesBuildPhase;
			buildActionMask = 2147483647;
			files = (
				DE6736782C0FDD6F001BEB56 /* Extension+Font.swift in Sources */,
				DE67367C2C0FDE35001BEB56 /* Extension+Image.swift in Sources */,
				DECEFFCC2C0CCC5000A9B894 /* ParseConfig.swift in Sources */,
				DE67367E2C0FDE5D001BEB56 /* Extension+View.swift in Sources */,
				DECEFFA42C0CCAC200A9B894 /* ContentView.swift in Sources */,
				DECEFFA22C0CCAC200A9B894 /* TirajosaureApp.swift in Sources */,
				DECEFFCF2C0CCC7700A9B894 /* MixpanelConfig.swift in Sources */,
			);
			runOnlyForDeploymentPostprocessing = 0;
		};
		DECEFFAA2C0CCAC400A9B894 /* Sources */ = {
			isa = PBXSourcesBuildPhase;
			buildActionMask = 2147483647;
			files = (
				DECEFFB32C0CCAC400A9B894 /* TirajosaureTests.swift in Sources */,
			);
			runOnlyForDeploymentPostprocessing = 0;
		};
		DECEFFB42C0CCAC400A9B894 /* Sources */ = {
			isa = PBXSourcesBuildPhase;
			buildActionMask = 2147483647;
			files = (
				DECEFFBF2C0CCAC400A9B894 /* TirajosaureUITestsLaunchTests.swift in Sources */,
				DECEFFBD2C0CCAC400A9B894 /* TirajosaureUITests.swift in Sources */,
			);
			runOnlyForDeploymentPostprocessing = 0;
		};
/* End PBXSourcesBuildPhase section */

/* Begin PBXTargetDependency section */
		DECEFFB02C0CCAC400A9B894 /* PBXTargetDependency */ = {
			isa = PBXTargetDependency;
			target = DECEFF9D2C0CCAC200A9B894 /* Tirajosaure */;
			targetProxy = DECEFFAF2C0CCAC400A9B894 /* PBXContainerItemProxy */;
		};
		DECEFFBA2C0CCAC400A9B894 /* PBXTargetDependency */ = {
			isa = PBXTargetDependency;
			target = DECEFF9D2C0CCAC200A9B894 /* Tirajosaure */;
			targetProxy = DECEFFB92C0CCAC400A9B894 /* PBXContainerItemProxy */;
		};
/* End PBXTargetDependency section */

/* Begin XCBuildConfiguration section */
		DECEFFC02C0CCAC400A9B894 /* Debug */ = {
			isa = XCBuildConfiguration;
			buildSettings = {
				ALWAYS_SEARCH_USER_PATHS = NO;
				ASSETCATALOG_COMPILER_GENERATE_SWIFT_ASSET_SYMBOL_EXTENSIONS = YES;
				CLANG_ANALYZER_NONNULL = YES;
				CLANG_ANALYZER_NUMBER_OBJECT_CONVERSION = YES_AGGRESSIVE;
				CLANG_CXX_LANGUAGE_STANDARD = "gnu++20";
				CLANG_ENABLE_MODULES = YES;
				CLANG_ENABLE_OBJC_ARC = YES;
				CLANG_ENABLE_OBJC_WEAK = YES;
				CLANG_WARN_BLOCK_CAPTURE_AUTORELEASING = YES;
				CLANG_WARN_BOOL_CONVERSION = YES;
				CLANG_WARN_COMMA = YES;
				CLANG_WARN_CONSTANT_CONVERSION = YES;
				CLANG_WARN_DEPRECATED_OBJC_IMPLEMENTATIONS = YES;
				CLANG_WARN_DIRECT_OBJC_ISA_USAGE = YES_ERROR;
				CLANG_WARN_DOCUMENTATION_COMMENTS = YES;
				CLANG_WARN_EMPTY_BODY = YES;
				CLANG_WARN_ENUM_CONVERSION = YES;
				CLANG_WARN_INFINITE_RECURSION = YES;
				CLANG_WARN_INT_CONVERSION = YES;
				CLANG_WARN_NON_LITERAL_NULL_CONVERSION = YES;
				CLANG_WARN_OBJC_IMPLICIT_RETAIN_SELF = YES;
				CLANG_WARN_OBJC_LITERAL_CONVERSION = YES;
				CLANG_WARN_OBJC_ROOT_CLASS = YES_ERROR;
				CLANG_WARN_QUOTED_INCLUDE_IN_FRAMEWORK_HEADER = YES;
				CLANG_WARN_RANGE_LOOP_ANALYSIS = YES;
				CLANG_WARN_STRICT_PROTOTYPES = YES;
				CLANG_WARN_SUSPICIOUS_MOVE = YES;
				CLANG_WARN_UNGUARDED_AVAILABILITY = YES_AGGRESSIVE;
				CLANG_WARN_UNREACHABLE_CODE = YES;
				CLANG_WARN__DUPLICATE_METHOD_MATCH = YES;
				COPY_PHASE_STRIP = NO;
				DEBUG_INFORMATION_FORMAT = dwarf;
				ENABLE_STRICT_OBJC_MSGSEND = YES;
				ENABLE_TESTABILITY = YES;
				ENABLE_USER_SCRIPT_SANDBOXING = YES;
				GCC_C_LANGUAGE_STANDARD = gnu17;
				GCC_DYNAMIC_NO_PIC = NO;
				GCC_NO_COMMON_BLOCKS = YES;
				GCC_OPTIMIZATION_LEVEL = 0;
				GCC_PREPROCESSOR_DEFINITIONS = (
					"DEBUG=1",
					"$(inherited)",
				);
				GCC_WARN_64_TO_32_BIT_CONVERSION = YES;
				GCC_WARN_ABOUT_RETURN_TYPE = YES_ERROR;
				GCC_WARN_UNDECLARED_SELECTOR = YES;
				GCC_WARN_UNINITIALIZED_AUTOS = YES_AGGRESSIVE;
				GCC_WARN_UNUSED_FUNCTION = YES;
				GCC_WARN_UNUSED_VARIABLE = YES;
				IPHONEOS_DEPLOYMENT_TARGET = 17.4;
				LOCALIZATION_PREFERS_STRING_CATALOGS = YES;
				MTL_ENABLE_DEBUG_INFO = INCLUDE_SOURCE;
				MTL_FAST_MATH = YES;
				ONLY_ACTIVE_ARCH = YES;
				SDKROOT = iphoneos;
				SWIFT_ACTIVE_COMPILATION_CONDITIONS = "DEBUG $(inherited)";
				SWIFT_OPTIMIZATION_LEVEL = "-Onone";
			};
			name = Debug;
		};
		DECEFFC12C0CCAC400A9B894 /* Release */ = {
			isa = XCBuildConfiguration;
			buildSettings = {
				ALWAYS_SEARCH_USER_PATHS = NO;
				ASSETCATALOG_COMPILER_GENERATE_SWIFT_ASSET_SYMBOL_EXTENSIONS = YES;
				CLANG_ANALYZER_NONNULL = YES;
				CLANG_ANALYZER_NUMBER_OBJECT_CONVERSION = YES_AGGRESSIVE;
				CLANG_CXX_LANGUAGE_STANDARD = "gnu++20";
				CLANG_ENABLE_MODULES = YES;
				CLANG_ENABLE_OBJC_ARC = YES;
				CLANG_ENABLE_OBJC_WEAK = YES;
				CLANG_WARN_BLOCK_CAPTURE_AUTORELEASING = YES;
				CLANG_WARN_BOOL_CONVERSION = YES;
				CLANG_WARN_COMMA = YES;
				CLANG_WARN_CONSTANT_CONVERSION = YES;
				CLANG_WARN_DEPRECATED_OBJC_IMPLEMENTATIONS = YES;
				CLANG_WARN_DIRECT_OBJC_ISA_USAGE = YES_ERROR;
				CLANG_WARN_DOCUMENTATION_COMMENTS = YES;
				CLANG_WARN_EMPTY_BODY = YES;
				CLANG_WARN_ENUM_CONVERSION = YES;
				CLANG_WARN_INFINITE_RECURSION = YES;
				CLANG_WARN_INT_CONVERSION = YES;
				CLANG_WARN_NON_LITERAL_NULL_CONVERSION = YES;
				CLANG_WARN_OBJC_IMPLICIT_RETAIN_SELF = YES;
				CLANG_WARN_OBJC_LITERAL_CONVERSION = YES;
				CLANG_WARN_OBJC_ROOT_CLASS = YES_ERROR;
				CLANG_WARN_QUOTED_INCLUDE_IN_FRAMEWORK_HEADER = YES;
				CLANG_WARN_RANGE_LOOP_ANALYSIS = YES;
				CLANG_WARN_STRICT_PROTOTYPES = YES;
				CLANG_WARN_SUSPICIOUS_MOVE = YES;
				CLANG_WARN_UNGUARDED_AVAILABILITY = YES_AGGRESSIVE;
				CLANG_WARN_UNREACHABLE_CODE = YES;
				CLANG_WARN__DUPLICATE_METHOD_MATCH = YES;
				COPY_PHASE_STRIP = NO;
				DEBUG_INFORMATION_FORMAT = "dwarf-with-dsym";
				ENABLE_NS_ASSERTIONS = NO;
				ENABLE_STRICT_OBJC_MSGSEND = YES;
				ENABLE_USER_SCRIPT_SANDBOXING = YES;
				GCC_C_LANGUAGE_STANDARD = gnu17;
				GCC_NO_COMMON_BLOCKS = YES;
				GCC_WARN_64_TO_32_BIT_CONVERSION = YES;
				GCC_WARN_ABOUT_RETURN_TYPE = YES_ERROR;
				GCC_WARN_UNDECLARED_SELECTOR = YES;
				GCC_WARN_UNINITIALIZED_AUTOS = YES_AGGRESSIVE;
				GCC_WARN_UNUSED_FUNCTION = YES;
				GCC_WARN_UNUSED_VARIABLE = YES;
				IPHONEOS_DEPLOYMENT_TARGET = 17.4;
				LOCALIZATION_PREFERS_STRING_CATALOGS = YES;
				MTL_ENABLE_DEBUG_INFO = NO;
				MTL_FAST_MATH = YES;
				SDKROOT = iphoneos;
				SWIFT_COMPILATION_MODE = wholemodule;
				VALIDATE_PRODUCT = YES;
			};
			name = Release;
		};
		DECEFFC32C0CCAC400A9B894 /* Debug */ = {
			isa = XCBuildConfiguration;
			baseConfigurationReference = 01B1F8565245AC4A430491F3 /* Pods-Tirajosaure.debug.xcconfig */;
			buildSettings = {
				ASSETCATALOG_COMPILER_APPICON_NAME = AppIcon;
				ASSETCATALOG_COMPILER_GLOBAL_ACCENT_COLOR_NAME = AccentColor;
				CODE_SIGN_STYLE = Automatic;
				CURRENT_PROJECT_VERSION = 1;
				DEVELOPMENT_ASSET_PATHS = "\"Tirajosaure/Preview Content\"";
				DEVELOPMENT_TEAM = B8CFMG9SS9;
				ENABLE_PREVIEWS = YES;
				ENABLE_USER_SCRIPT_SANDBOXING = NO;
				GENERATE_INFOPLIST_FILE = YES;
				INFOPLIST_KEY_UIApplicationSceneManifest_Generation = YES;
				INFOPLIST_KEY_UIApplicationSupportsIndirectInputEvents = YES;
				INFOPLIST_KEY_UILaunchScreen_Generation = YES;
				INFOPLIST_KEY_UISupportedInterfaceOrientations_iPad = "UIInterfaceOrientationPortrait UIInterfaceOrientationPortraitUpsideDown UIInterfaceOrientationLandscapeLeft UIInterfaceOrientationLandscapeRight";
				INFOPLIST_KEY_UISupportedInterfaceOrientations_iPhone = "UIInterfaceOrientationPortrait UIInterfaceOrientationLandscapeLeft UIInterfaceOrientationLandscapeRight";
				LD_RUNPATH_SEARCH_PATHS = (
					"$(inherited)",
					"@executable_path/Frameworks",
				);
				MARKETING_VERSION = 1.0;
				PRODUCT_BUNDLE_IDENTIFIER = TC.Tirajosaure;
				PRODUCT_NAME = "$(TARGET_NAME)";
				SWIFT_EMIT_LOC_STRINGS = YES;
				SWIFT_VERSION = 5.0;
				TARGETED_DEVICE_FAMILY = "1,2";
			};
			name = Debug;
		};
		DECEFFC42C0CCAC400A9B894 /* Release */ = {
			isa = XCBuildConfiguration;
			baseConfigurationReference = 1CE6E283318EABE0F942FD1B /* Pods-Tirajosaure.release.xcconfig */;
			buildSettings = {
				ASSETCATALOG_COMPILER_APPICON_NAME = AppIcon;
				ASSETCATALOG_COMPILER_GLOBAL_ACCENT_COLOR_NAME = AccentColor;
				CODE_SIGN_STYLE = Automatic;
				CURRENT_PROJECT_VERSION = 1;
				DEVELOPMENT_ASSET_PATHS = "\"Tirajosaure/Preview Content\"";
				DEVELOPMENT_TEAM = B8CFMG9SS9;
				ENABLE_PREVIEWS = YES;
				ENABLE_USER_SCRIPT_SANDBOXING = NO;
				GENERATE_INFOPLIST_FILE = YES;
				INFOPLIST_KEY_UIApplicationSceneManifest_Generation = YES;
				INFOPLIST_KEY_UIApplicationSupportsIndirectInputEvents = YES;
				INFOPLIST_KEY_UILaunchScreen_Generation = YES;
				INFOPLIST_KEY_UISupportedInterfaceOrientations_iPad = "UIInterfaceOrientationPortrait UIInterfaceOrientationPortraitUpsideDown UIInterfaceOrientationLandscapeLeft UIInterfaceOrientationLandscapeRight";
				INFOPLIST_KEY_UISupportedInterfaceOrientations_iPhone = "UIInterfaceOrientationPortrait UIInterfaceOrientationLandscapeLeft UIInterfaceOrientationLandscapeRight";
				LD_RUNPATH_SEARCH_PATHS = (
					"$(inherited)",
					"@executable_path/Frameworks",
				);
				MARKETING_VERSION = 1.0;
				PRODUCT_BUNDLE_IDENTIFIER = TC.Tirajosaure;
				PRODUCT_NAME = "$(TARGET_NAME)";
				SWIFT_EMIT_LOC_STRINGS = YES;
				SWIFT_VERSION = 5.0;
				TARGETED_DEVICE_FAMILY = "1,2";
			};
			name = Release;
		};
		DECEFFC62C0CCAC400A9B894 /* Debug */ = {
			isa = XCBuildConfiguration;
			buildSettings = {
				ALWAYS_EMBED_SWIFT_STANDARD_LIBRARIES = YES;
				BUNDLE_LOADER = "$(TEST_HOST)";
				CODE_SIGN_STYLE = Automatic;
				CURRENT_PROJECT_VERSION = 1;
				DEVELOPMENT_TEAM = B8CFMG9SS9;
				GENERATE_INFOPLIST_FILE = YES;
				IPHONEOS_DEPLOYMENT_TARGET = 17.4;
				MARKETING_VERSION = 1.0;
				PRODUCT_BUNDLE_IDENTIFIER = TC.TirajosaureTests;
				PRODUCT_NAME = "$(TARGET_NAME)";
				SWIFT_EMIT_LOC_STRINGS = NO;
				SWIFT_VERSION = 5.0;
				TARGETED_DEVICE_FAMILY = "1,2";
				TEST_HOST = "$(BUILT_PRODUCTS_DIR)/Tirajosaure.app/$(BUNDLE_EXECUTABLE_FOLDER_PATH)/Tirajosaure";
			};
			name = Debug;
		};
		DECEFFC72C0CCAC400A9B894 /* Release */ = {
			isa = XCBuildConfiguration;
			buildSettings = {
				ALWAYS_EMBED_SWIFT_STANDARD_LIBRARIES = YES;
				BUNDLE_LOADER = "$(TEST_HOST)";
				CODE_SIGN_STYLE = Automatic;
				CURRENT_PROJECT_VERSION = 1;
				DEVELOPMENT_TEAM = B8CFMG9SS9;
				GENERATE_INFOPLIST_FILE = YES;
				IPHONEOS_DEPLOYMENT_TARGET = 17.4;
				MARKETING_VERSION = 1.0;
				PRODUCT_BUNDLE_IDENTIFIER = TC.TirajosaureTests;
				PRODUCT_NAME = "$(TARGET_NAME)";
				SWIFT_EMIT_LOC_STRINGS = NO;
				SWIFT_VERSION = 5.0;
				TARGETED_DEVICE_FAMILY = "1,2";
				TEST_HOST = "$(BUILT_PRODUCTS_DIR)/Tirajosaure.app/$(BUNDLE_EXECUTABLE_FOLDER_PATH)/Tirajosaure";
			};
			name = Release;
		};
		DECEFFC92C0CCAC400A9B894 /* Debug */ = {
			isa = XCBuildConfiguration;
			buildSettings = {
				ALWAYS_EMBED_SWIFT_STANDARD_LIBRARIES = YES;
				CODE_SIGN_STYLE = Automatic;
				CURRENT_PROJECT_VERSION = 1;
				DEVELOPMENT_TEAM = B8CFMG9SS9;
				GENERATE_INFOPLIST_FILE = YES;
				MARKETING_VERSION = 1.0;
				PRODUCT_BUNDLE_IDENTIFIER = TC.TirajosaureUITests;
				PRODUCT_NAME = "$(TARGET_NAME)";
				SWIFT_EMIT_LOC_STRINGS = NO;
				SWIFT_VERSION = 5.0;
				TARGETED_DEVICE_FAMILY = "1,2";
				TEST_TARGET_NAME = Tirajosaure;
			};
			name = Debug;
		};
		DECEFFCA2C0CCAC400A9B894 /* Release */ = {
			isa = XCBuildConfiguration;
			buildSettings = {
				ALWAYS_EMBED_SWIFT_STANDARD_LIBRARIES = YES;
				CODE_SIGN_STYLE = Automatic;
				CURRENT_PROJECT_VERSION = 1;
				DEVELOPMENT_TEAM = B8CFMG9SS9;
				GENERATE_INFOPLIST_FILE = YES;
				MARKETING_VERSION = 1.0;
				PRODUCT_BUNDLE_IDENTIFIER = TC.TirajosaureUITests;
				PRODUCT_NAME = "$(TARGET_NAME)";
				SWIFT_EMIT_LOC_STRINGS = NO;
				SWIFT_VERSION = 5.0;
				TARGETED_DEVICE_FAMILY = "1,2";
				TEST_TARGET_NAME = Tirajosaure;
			};
			name = Release;
		};
/* End XCBuildConfiguration section */

/* Begin XCConfigurationList section */
		DECEFF992C0CCAC200A9B894 /* Build configuration list for PBXProject "Tirajosaure" */ = {
			isa = XCConfigurationList;
			buildConfigurations = (
				DECEFFC02C0CCAC400A9B894 /* Debug */,
				DECEFFC12C0CCAC400A9B894 /* Release */,
			);
			defaultConfigurationIsVisible = 0;
			defaultConfigurationName = Release;
		};
		DECEFFC22C0CCAC400A9B894 /* Build configuration list for PBXNativeTarget "Tirajosaure" */ = {
			isa = XCConfigurationList;
			buildConfigurations = (
				DECEFFC32C0CCAC400A9B894 /* Debug */,
				DECEFFC42C0CCAC400A9B894 /* Release */,
			);
			defaultConfigurationIsVisible = 0;
			defaultConfigurationName = Release;
		};
		DECEFFC52C0CCAC400A9B894 /* Build configuration list for PBXNativeTarget "TirajosaureTests" */ = {
			isa = XCConfigurationList;
			buildConfigurations = (
				DECEFFC62C0CCAC400A9B894 /* Debug */,
				DECEFFC72C0CCAC400A9B894 /* Release */,
			);
			defaultConfigurationIsVisible = 0;
			defaultConfigurationName = Release;
		};
		DECEFFC82C0CCAC400A9B894 /* Build configuration list for PBXNativeTarget "TirajosaureUITests" */ = {
			isa = XCConfigurationList;
			buildConfigurations = (
				DECEFFC92C0CCAC400A9B894 /* Debug */,
				DECEFFCA2C0CCAC400A9B894 /* Release */,
			);
			defaultConfigurationIsVisible = 0;
			defaultConfigurationName = Release;
		};
/* End XCConfigurationList section */
	};
	rootObject = DECEFF962C0CCAC200A9B894 /* Project object */;
}
