PODS:
  - Alamofire (5.9.1)
  - IQKeyboardManagerSwift (7.0.3)
  - Mixpanel-swift (4.2.7):
    - Mixpanel-swift/Complete (= 4.2.7)
  - Mixpanel-swift/Complete (4.2.7)
  - ParseSwift (4.14.2)
  - SwiftEntryKit (2.0.0)

DEPENDENCIES:
  - Alamofire
  - IQKeyboardManagerSwift
  - Mixpanel-swift
  - ParseSwift
  - SwiftEntryKit

SPEC REPOS:
  trunk:
    - Alamofire
    - IQKeyboardManagerSwift
    - Mixpanel-swift
    - ParseSwift
    - SwiftEntryKit

SPEC CHECKSUMS:
  Alamofire: f36a35757af4587d8e4f4bfa223ad10be2422b8c
  IQKeyboardManagerSwift: f9c5dc36cba16ddd2e51fa7d51c34a2e083029b5
  Mixpanel-swift: 7f5b749dbda2708033d67ff3d7a91710468d4a38
  ParseSwift: 5df70e3d5aed3351fb3188ddf0a2812b7983a379
  SwiftEntryKit: 61b5fa36f34a97dd8013e48a7345bc4c4720be9a

PODFILE CHECKSUM: d655ad8a9ad5589a3fa41c42bbc6e0bbf5e4d167

COCOAPODS: 1.15.2
